{
    "name": "pebble-testapp",
    "version": "1.0.1",
    "lockfileVersion": 3,
    "requires": true,
    "packages": {
        "": {
            "name": "pebble-testapp",
            "version": "1.0.1",
            "dependencies": {
                "base-x": "^5.0.1",
                "pebble-clay": "^1.0.0"
            }
        },
        "node_modules/base-x": {
            "version": "5.0.1",
            "license": "MIT"
        },
        "node_modules/pebble-clay": {
            "version": "1.0.4",
            "license": "MIT"
        }
    }
}
